# This file is automatically @generated by Cargo.
# It is not intended for manual editing.
version = 3

[[package]]
name = "ly_log"
version = "0.1.0"

[[package]]
name = "rustly"
version = "0.1.0"
dependencies = [
 "ly_log",
]

[[package]]
name = "test"
version = "0.1.0"
dependencies = [
 "rustly",
]
